
Microsoft Visual Studio Solution File, Format Version 12.00
# Visual Studio 14
VisualStudioVersion = 14.0.25420.1
MinimumVisualStudioVersion = 10.0.40219.1
Project("{FAE04EC0-301F-11D3-BF4B-00C04F79EFBC}") = "CuiteTabSample", "CuiteTabSample.csproj", "{23B98845-3DE6-4F32-B062-48A7728E8920}"
EndProject
Project("{FAE04EC0-301F-11D3-BF4B-00C04F79EFBC}") = "CodedUITabTests", "..\CodedUITabTests\CodedUITabTests.csproj", "{F8E80926-593B-4F96-BFAF-74FE06570B28}"
EndProject
Global
	GlobalSection(SolutionConfigurationPlatforms) = preSolution
		Debug|Any CPU = Debug|Any CPU
		Release|Any CPU = Release|Any CPU
	EndGlobalSection
	GlobalSection(ProjectConfigurationPlatforms) = postSolution
		{23B98845-3DE6-4F32-B062-48A7728E8920}.Debug|Any CPU.ActiveCfg = Debug|Any CPU
		{23B98845-3DE6-4F32-B062-48A7728E8920}.Debug|Any CPU.Build.0 = Debug|Any CPU
		{23B98845-3DE6-4F32-B062-48A7728E8920}.Release|Any CPU.ActiveCfg = Release|Any CPU
		{23B98845-3DE6-4F32-B062-48A7728E8920}.Release|Any CPU.Build.0 = Release|Any CPU
		{F8E80926-593B-4F96-BFAF-74FE06570B28}.Debug|Any CPU.ActiveCfg = Debug|Any CPU
		{F8E80926-593B-4F96-BFAF-74FE06570B28}.Debug|Any CPU.Build.0 = Debug|Any CPU
		{F8E80926-593B-4F96-BFAF-74FE06570B28}.Release|Any CPU.ActiveCfg = Release|Any CPU
		{F8E80926-593B-4F96-BFAF-74FE06570B28}.Release|Any CPU.Build.0 = Release|Any CPU
	EndGlobalSection
	GlobalSection(SolutionProperties) = preSolution
		HideSolutionNode = FALSE
	EndGlobalSection
EndGlobal
